
Microsoft Visual Studio Solution File, Format Version 11.00
# Visual Studio 2010
Project("{FAE04EC0-301F-11D3-BF4B-00C04F79EFBC}") = "WhiteBlocks", "Assembly-CSharp.csproj", "{D1BCB0D0-19FC-6C66-71CA-53BB724F2061}"
EndProject
Project("{FAE04EC0-301F-11D3-BF4B-00C04F79EFBC}") = "WhiteBlocks", "Assembly-CSharp-Editor.csproj", "{0BCCDFA0-BEF1-D774-F0CF-B0E843A53051}"
EndProject
Global
	GlobalSection(SolutionConfigurationPlatforms) = preSolution
		Debug|Any CPU = Debug|Any CPU
		Release|Any CPU = Release|Any CPU
	EndGlobalSection
	GlobalSection(ProjectConfigurationPlatforms) = postSolution
		{D1BCB0D0-19FC-6C66-71CA-53BB724F2061}.Debug|Any CPU.ActiveCfg = Debug|Any CPU
		{D1BCB0D0-19FC-6C66-71CA-53BB724F2061}.Debug|Any CPU.Build.0 = Debug|Any CPU
		{D1BCB0D0-19FC-6C66-71CA-53BB724F2061}.Release|Any CPU.ActiveCfg = Release|Any CPU
		{D1BCB0D0-19FC-6C66-71CA-53BB724F2061}.Release|Any CPU.Build.0 = Release|Any CPU
		{0BCCDFA0-BEF1-D774-F0CF-B0E843A53051}.Debug|Any CPU.ActiveCfg = Debug|Any CPU
		{0BCCDFA0-BEF1-D774-F0CF-B0E843A53051}.Debug|Any CPU.Build.0 = Debug|Any CPU
		{0BCCDFA0-BEF1-D774-F0CF-B0E843A53051}.Release|Any CPU.ActiveCfg = Release|Any CPU
		{0BCCDFA0-BEF1-D774-F0CF-B0E843A53051}.Release|Any CPU.Build.0 = Release|Any CPU
	EndGlobalSection
	GlobalSection(SolutionProperties) = preSolution
		HideSolutionNode = FALSE
	EndGlobalSection
	GlobalSection(MonoDevelopProperties) = preSolution
		StartupItem = Assembly-CSharp.csproj
	EndGlobalSection
EndGlobal
